PODS:
  - DateToolsSwift (4.0.0)
  - IGListKit (3.4.0):
    - IGListKit/Default (= 3.4.0)
  - IGListKit/Default (3.4.0):
    - IGListKit/Diffing
  - IGListKit/Diffing (3.4.0)
  - PINCache (3.0.1-beta.6):
    - PINCache/Arc-exception-safe (= 3.0.1-beta.6)
    - PINCache/Core (= 3.0.1-beta.6)
  - PINCache/Arc-exception-safe (3.0.1-beta.6):
    - PINCache/Core
  - PINCache/Core (3.0.1-beta.6):
    - PINOperation (~> 1.1.0)
  - PINOperation (1.1.1)
  - PINRemoteImage/Core (3.0.0-beta.13):
    - PINOperation
  - PINRemoteImage/iOS (3.0.0-beta.13):
    - PINRemoteImage/Core
  - PINRemoteImage/PINCache (3.0.0-beta.13):
    - PINCache (= 3.0.1-beta.6)
    - PINRemoteImage/Core
  - SwiftyJSON (4.1.0)
  - Texture (2.6):
    - Texture/PINRemoteImage (= 2.6)
  - Texture/Core (2.6)
  - Texture/PINRemoteImage (2.6):
    - PINRemoteImage/iOS (= 3.0.0-beta.13)
    - PINRemoteImage/PINCache
    - Texture/Core

DEPENDENCIES:
  - DateToolsSwift
  - IGListKit (~> 3.0)
  - SwiftyJSON
  - Texture

SPEC REPOS:
  https://github.com/cocoapods/specs.git:
    - DateToolsSwift
    - IGListKit
    - PINCache
    - PINOperation
    - PINRemoteImage
    - SwiftyJSON
    - Texture

SPEC CHECKSUMS:
  DateToolsSwift: 875d97ff9e3a5d54abdd67a269b3f51c757b71ab
  IGListKit: 7a5d788e9fb746bcd402baa8e8b24bc3bd2a5a07
  PINCache: d195fdba255283f7e9900a55e3cced377f431f9b
  PINOperation: a6219e6fc9db9c269eb7a7b871ac193bcf400aac
  PINRemoteImage: d6d51c5d2adda55f1ce30c96e850b6c4ebd2856a
  SwiftyJSON: c29297daf073d2aa016295d5809cdd68045c39b3
  Texture: 7249074582daf75e524e59df5428b66b8e8db0e4

PODFILE CHECKSUM: 4018d252325b1a4be863b7c96ffc74177fde297e

COCOAPODS: 1.5.3
